
Microsoft Visual Studio Solution File, Format Version 12.00
# Visual Studio Version 17
VisualStudioVersion = 17.4.33205.214
MinimumVisualStudioVersion = 10.0.40219.1
Project("{FAE04EC0-301F-11D3-BF4B-00C04F79EFBC}") = "DreamsNights_HotelBooking", "DreamsNights_HotelBooking.csproj", "{624898FD-CB31-4EF4-B3B1-6F891C809D31}"
EndProject
Global
	GlobalSection(SolutionConfigurationPlatforms) = preSolution
		Debug|Any CPU = Debug|Any CPU
		Release|Any CPU = Release|Any CPU
	EndGlobalSection
	GlobalSection(ProjectConfigurationPlatforms) = postSolution
		{624898FD-CB31-4EF4-B3B1-6F891C809D31}.Debug|Any CPU.ActiveCfg = Debug|Any CPU
		{624898FD-CB31-4EF4-B3B1-6F891C809D31}.Debug|Any CPU.Build.0 = Debug|Any CPU
		{624898FD-CB31-4EF4-B3B1-6F891C809D31}.Release|Any CPU.ActiveCfg = Release|Any CPU
		{624898FD-CB31-4EF4-B3B1-6F891C809D31}.Release|Any CPU.Build.0 = Release|Any CPU
	EndGlobalSection
	GlobalSection(SolutionProperties) = preSolution
		HideSolutionNode = FALSE
	EndGlobalSection
	GlobalSection(ExtensibilityGlobals) = postSolution
		SolutionGuid = {BF2242AF-C9CC-47E9-B3D2-C10F7F4C84AE}
	EndGlobalSection
EndGlobal
